
Microsoft Visual Studio Solution File, Format Version 12.00
# Visual Studio 14
VisualStudioVersion = 14.0.25420.1
MinimumVisualStudioVersion = 10.0.40219.1
Project("{FAE04EC0-301F-11D3-BF4B-00C04F79EFBC}") = "Todo2", "Todo2\Todo2\Todo2.csproj", "{6EC1266D-544E-4694-A086-0F9F82AAB5C2}"
EndProject
Project("{FAE04EC0-301F-11D3-BF4B-00C04F79EFBC}") = "Todo2.Droid", "Todo2\Todo2.Droid\Todo2.Droid.csproj", "{BB1AF2EC-D03D-439B-8709-95B446D17770}"
EndProject
Project("{FAE04EC0-301F-11D3-BF4B-00C04F79EFBC}") = "Todo2.iOS", "Todo2\Todo2.iOS\Todo2.iOS.csproj", "{4FCF08EF-0C22-4EF8-BA93-9539FFB323E9}"
EndProject
Project("{FAE04EC0-301F-11D3-BF4B-00C04F79EFBC}") = "Todo2.WinPhone", "Todo2\Todo2.WinPhone\Todo2.WinPhone.csproj", "{849267B0-9162-42BB-AAA1-5AE2B90BFC28}"
EndProject
Project("{FAE04EC0-301F-11D3-BF4B-00C04F79EFBC}") = "Todo2.UWP", "Todo2\Todo2.UWP\Todo2.UWP.csproj", "{D0568BBD-85B9-4440-A232-281A7E3B12C8}"
EndProject
Project("{FAE04EC0-301F-11D3-BF4B-00C04F79EFBC}") = "Todo2.Windows", "Todo2\Todo2.Windows\Todo2.Windows.csproj", "{24929D29-286C-49CA-A2DB-AF71A38443EC}"
EndProject
Global
	GlobalSection(SolutionConfigurationPlatforms) = preSolution
		Ad-Hoc|Any CPU = Ad-Hoc|Any CPU
		Ad-Hoc|ARM = Ad-Hoc|ARM
		Ad-Hoc|iPhone = Ad-Hoc|iPhone
		Ad-Hoc|iPhoneSimulator = Ad-Hoc|iPhoneSimulator
		Ad-Hoc|x64 = Ad-Hoc|x64
		Ad-Hoc|x86 = Ad-Hoc|x86
		AppStore|Any CPU = AppStore|Any CPU
		AppStore|ARM = AppStore|ARM
		AppStore|iPhone = AppStore|iPhone
		AppStore|iPhoneSimulator = AppStore|iPhoneSimulator
		AppStore|x64 = AppStore|x64
		AppStore|x86 = AppStore|x86
		Debug|Any CPU = Debug|Any CPU
		Debug|ARM = Debug|ARM
		Debug|iPhone = Debug|iPhone
		Debug|iPhoneSimulator = Debug|iPhoneSimulator
		Debug|x64 = Debug|x64
		Debug|x86 = Debug|x86
		Release|Any CPU = Release|Any CPU
		Release|ARM = Release|ARM
		Release|iPhone = Release|iPhone
		Release|iPhoneSimulator = Release|iPhoneSimulator
		Release|x64 = Release|x64
		Release|x86 = Release|x86
	EndGlobalSection
	GlobalSection(ProjectConfigurationPlatforms) = postSolution
		{6EC1266D-544E-4694-A086-0F9F82AAB5C2}.Ad-Hoc|Any CPU.ActiveCfg = Release|Any CPU
		{6EC1266D-544E-4694-A086-0F9F82AAB5C2}.Ad-Hoc|Any CPU.Build.0 = Release|Any CPU
		{6EC1266D-544E-4694-A086-0F9F82AAB5C2}.Ad-Hoc|ARM.ActiveCfg = Release|Any CPU
		{6EC1266D-544E-4694-A086-0F9F82AAB5C2}.Ad-Hoc|ARM.Build.0 = Release|Any CPU
		{6EC1266D-544E-4694-A086-0F9F82AAB5C2}.Ad-Hoc|iPhone.ActiveCfg = Release|Any CPU
		{6EC1266D-544E-4694-A086-0F9F82AAB5C2}.Ad-Hoc|iPhone.Build.0 = Release|Any CPU
		{6EC1266D-544E-4694-A086-0F9F82AAB5C2}.Ad-Hoc|iPhoneSimulator.ActiveCfg = Release|Any CPU
		{6EC1266D-544E-4694-A086-0F9F82AAB5C2}.Ad-Hoc|iPhoneSimulator.Build.0 = Release|Any CPU
		{6EC1266D-544E-4694-A086-0F9F82AAB5C2}.Ad-Hoc|x64.ActiveCfg = Release|Any CPU
		{6EC1266D-544E-4694-A086-0F9F82AAB5C2}.Ad-Hoc|x64.Build.0 = Release|Any CPU
		{6EC1266D-544E-4694-A086-0F9F82AAB5C2}.Ad-Hoc|x86.ActiveCfg = Release|Any CPU
		{6EC1266D-544E-4694-A086-0F9F82AAB5C2}.Ad-Hoc|x86.Build.0 = Release|Any CPU
		{6EC1266D-544E-4694-A086-0F9F82AAB5C2}.AppStore|Any CPU.ActiveCfg = Release|Any CPU
		{6EC1266D-544E-4694-A086-0F9F82AAB5C2}.AppStore|Any CPU.Build.0 = Release|Any CPU
		{6EC1266D-544E-4694-A086-0F9F82AAB5C2}.AppStore|ARM.ActiveCfg = Release|Any CPU
		{6EC1266D-544E-4694-A086-0F9F82AAB5C2}.AppStore|ARM.Build.0 = Release|Any CPU
		{6EC1266D-544E-4694-A086-0F9F82AAB5C2}.AppStore|iPhone.ActiveCfg = Release|Any CPU
		{6EC1266D-544E-4694-A086-0F9F82AAB5C2}.AppStore|iPhone.Build.0 = Release|Any CPU
		{6EC1266D-544E-4694-A086-0F9F82AAB5C2}.AppStore|iPhoneSimulator.ActiveCfg = Release|Any CPU
		{6EC1266D-544E-4694-A086-0F9F82AAB5C2}.AppStore|iPhoneSimulator.Build.0 = Release|Any CPU
		{6EC1266D-544E-4694-A086-0F9F82AAB5C2}.AppStore|x64.ActiveCfg = Release|Any CPU
		{6EC1266D-544E-4694-A086-0F9F82AAB5C2}.AppStore|x64.Build.0 = Release|Any CPU
		{6EC1266D-544E-4694-A086-0F9F82AAB5C2}.AppStore|x86.ActiveCfg = Release|Any CPU
		{6EC1266D-544E-4694-A086-0F9F82AAB5C2}.AppStore|x86.Build.0 = Release|Any CPU
		{6EC1266D-544E-4694-A086-0F9F82AAB5C2}.Debug|Any CPU.ActiveCfg = Debug|Any CPU
		{6EC1266D-544E-4694-A086-0F9F82AAB5C2}.Debug|Any CPU.Build.0 = Debug|Any CPU
		{6EC1266D-544E-4694-A086-0F9F82AAB5C2}.Debug|ARM.ActiveCfg = Debug|Any CPU
		{6EC1266D-544E-4694-A086-0F9F82AAB5C2}.Debug|ARM.Build.0 = Debug|Any CPU
		{6EC1266D-544E-4694-A086-0F9F82AAB5C2}.Debug|iPhone.ActiveCfg = Debug|Any CPU
		{6EC1266D-544E-4694-A086-0F9F82AAB5C2}.Debug|iPhone.Build.0 = Debug|Any CPU
		{6EC1266D-544E-4694-A086-0F9F82AAB5C2}.Debug|iPhoneSimulator.ActiveCfg = Debug|Any CPU
		{6EC1266D-544E-4694-A086-0F9F82AAB5C2}.Debug|iPhoneSimulator.Build.0 = Debug|Any CPU
		{6EC1266D-544E-4694-A086-0F9F82AAB5C2}.Debug|x64.ActiveCfg = Debug|Any CPU
		{6EC1266D-544E-4694-A086-0F9F82AAB5C2}.Debug|x64.Build.0 = Debug|Any CPU
		{6EC1266D-544E-4694-A086-0F9F82AAB5C2}.Debug|x86.ActiveCfg = Debug|Any CPU
		{6EC1266D-544E-4694-A086-0F9F82AAB5C2}.Debug|x86.Build.0 = Debug|Any CPU
		{6EC1266D-544E-4694-A086-0F9F82AAB5C2}.Release|Any CPU.ActiveCfg = Release|Any CPU
		{6EC1266D-544E-4694-A086-0F9F82AAB5C2}.Release|Any CPU.Build.0 = Release|Any CPU
		{6EC1266D-544E-4694-A086-0F9F82AAB5C2}.Release|ARM.ActiveCfg = Release|Any CPU
		{6EC1266D-544E-4694-A086-0F9F82AAB5C2}.Release|ARM.Build.0 = Release|Any CPU
		{6EC1266D-544E-4694-A086-0F9F82AAB5C2}.Release|iPhone.ActiveCfg = Release|Any CPU
		{6EC1266D-544E-4694-A086-0F9F82AAB5C2}.Release|iPhone.Build.0 = Release|Any CPU
		{6EC1266D-544E-4694-A086-0F9F82AAB5C2}.Release|iPhoneSimulator.ActiveCfg = Release|Any CPU
		{6EC1266D-544E-4694-A086-0F9F82AAB5C2}.Release|iPhoneSimulator.Build.0 = Release|Any CPU
		{6EC1266D-544E-4694-A086-0F9F82AAB5C2}.Release|x64.ActiveCfg = Release|Any CPU
		{6EC1266D-544E-4694-A086-0F9F82AAB5C2}.Release|x64.Build.0 = Release|Any CPU
		{6EC1266D-544E-4694-A086-0F9F82AAB5C2}.Release|x86.ActiveCfg = Release|Any CPU
		{6EC1266D-544E-4694-A086-0F9F82AAB5C2}.Release|x86.Build.0 = Release|Any CPU
		{BB1AF2EC-D03D-439B-8709-95B446D17770}.Ad-Hoc|Any CPU.ActiveCfg = Release|Any CPU
		{BB1AF2EC-D03D-439B-8709-95B446D17770}.Ad-Hoc|Any CPU.Build.0 = Release|Any CPU
		{BB1AF2EC-D03D-439B-8709-95B446D17770}.Ad-Hoc|Any CPU.Deploy.0 = Release|Any CPU
		{BB1AF2EC-D03D-439B-8709-95B446D17770}.Ad-Hoc|ARM.ActiveCfg = Release|Any CPU
		{BB1AF2EC-D03D-439B-8709-95B446D17770}.Ad-Hoc|ARM.Build.0 = Release|Any CPU
		{BB1AF2EC-D03D-439B-8709-95B446D17770}.Ad-Hoc|ARM.Deploy.0 = Release|Any CPU
		{BB1AF2EC-D03D-439B-8709-95B446D17770}.Ad-Hoc|iPhone.ActiveCfg = Release|Any CPU
		{BB1AF2EC-D03D-439B-8709-95B446D17770}.Ad-Hoc|iPhone.Build.0 = Release|Any CPU
		{BB1AF2EC-D03D-439B-8709-95B446D17770}.Ad-Hoc|iPhone.Deploy.0 = Release|Any CPU
		{BB1AF2EC-D03D-439B-8709-95B446D17770}.Ad-Hoc|iPhoneSimulator.ActiveCfg = Release|Any CPU
		{BB1AF2EC-D03D-439B-8709-95B446D17770}.Ad-Hoc|iPhoneSimulator.Build.0 = Release|Any CPU
		{BB1AF2EC-D03D-439B-8709-95B446D17770}.Ad-Hoc|iPhoneSimulator.Deploy.0 = Release|Any CPU
		{BB1AF2EC-D03D-439B-8709-95B446D17770}.Ad-Hoc|x64.ActiveCfg = Release|Any CPU
		{BB1AF2EC-D03D-439B-8709-95B446D17770}.Ad-Hoc|x64.Build.0 = Release|Any CPU
		{BB1AF2EC-D03D-439B-8709-95B446D17770}.Ad-Hoc|x64.Deploy.0 = Release|Any CPU
		{BB1AF2EC-D03D-439B-8709-95B446D17770}.Ad-Hoc|x86.ActiveCfg = Release|Any CPU
		{BB1AF2EC-D03D-439B-8709-95B446D17770}.Ad-Hoc|x86.Build.0 = Release|Any CPU
		{BB1AF2EC-D03D-439B-8709-95B446D17770}.Ad-Hoc|x86.Deploy.0 = Release|Any CPU
		{BB1AF2EC-D03D-439B-8709-95B446D17770}.AppStore|Any CPU.ActiveCfg = Release|Any CPU
		{BB1AF2EC-D03D-439B-8709-95B446D17770}.AppStore|Any CPU.Build.0 = Release|Any CPU
		{BB1AF2EC-D03D-439B-8709-95B446D17770}.AppStore|Any CPU.Deploy.0 = Release|Any CPU
		{BB1AF2EC-D03D-439B-8709-95B446D17770}.AppStore|ARM.ActiveCfg = Release|Any CPU
		{BB1AF2EC-D03D-439B-8709-95B446D17770}.AppStore|ARM.Build.0 = Release|Any CPU
		{BB1AF2EC-D03D-439B-8709-95B446D17770}.AppStore|ARM.Deploy.0 = Release|Any CPU
		{BB1AF2EC-D03D-439B-8709-95B446D17770}.AppStore|iPhone.ActiveCfg = Release|Any CPU
		{BB1AF2EC-D03D-439B-8709-95B446D17770}.AppStore|iPhone.Build.0 = Release|Any CPU
		{BB1AF2EC-D03D-439B-8709-95B446D17770}.AppStore|iPhone.Deploy.0 = Release|Any CPU
		{BB1AF2EC-D03D-439B-8709-95B446D17770}.AppStore|iPhoneSimulator.ActiveCfg = Release|Any CPU
		{BB1AF2EC-D03D-439B-8709-95B446D17770}.AppStore|iPhoneSimulator.Build.0 = Release|Any CPU
		{BB1AF2EC-D03D-439B-8709-95B446D17770}.AppStore|iPhoneSimulator.Deploy.0 = Release|Any CPU
		{BB1AF2EC-D03D-439B-8709-95B446D17770}.AppStore|x64.ActiveCfg = Release|Any CPU
		{BB1AF2EC-D03D-439B-8709-95B446D17770}.AppStore|x64.Build.0 = Release|Any CPU
		{BB1AF2EC-D03D-439B-8709-95B446D17770}.AppStore|x64.Deploy.0 = Release|Any CPU
		{BB1AF2EC-D03D-439B-8709-95B446D17770}.AppStore|x86.ActiveCfg = Release|Any CPU
		{BB1AF2EC-D03D-439B-8709-95B446D17770}.AppStore|x86.Build.0 = Release|Any CPU
		{BB1AF2EC-D03D-439B-8709-95B446D17770}.AppStore|x86.Deploy.0 = Release|Any CPU
		{BB1AF2EC-D03D-439B-8709-95B446D17770}.Debug|Any CPU.ActiveCfg = Debug|Any CPU
		{BB1AF2EC-D03D-439B-8709-95B446D17770}.Debug|Any CPU.Build.0 = Debug|Any CPU
		{BB1AF2EC-D03D-439B-8709-95B446D17770}.Debug|Any CPU.Deploy.0 = Debug|Any CPU
		{BB1AF2EC-D03D-439B-8709-95B446D17770}.Debug|ARM.ActiveCfg = Debug|Any CPU
		{BB1AF2EC-D03D-439B-8709-95B446D17770}.Debug|ARM.Build.0 = Debug|Any CPU
		{BB1AF2EC-D03D-439B-8709-95B446D17770}.Debug|ARM.Deploy.0 = Debug|Any CPU
		{BB1AF2EC-D03D-439B-8709-95B446D17770}.Debug|iPhone.ActiveCfg = Debug|Any CPU
		{BB1AF2EC-D03D-439B-8709-95B446D17770}.Debug|iPhone.Build.0 = Debug|Any CPU
		{BB1AF2EC-D03D-439B-8709-95B446D17770}.Debug|iPhone.Deploy.0 = Debug|Any CPU
		{BB1AF2EC-D03D-439B-8709-95B446D17770}.Debug|iPhoneSimulator.ActiveCfg = Debug|Any CPU
		{BB1AF2EC-D03D-439B-8709-95B446D17770}.Debug|iPhoneSimulator.Build.0 = Debug|Any CPU
		{BB1AF2EC-D03D-439B-8709-95B446D17770}.Debug|iPhoneSimulator.Deploy.0 = Debug|Any CPU
		{BB1AF2EC-D03D-439B-8709-95B446D17770}.Debug|x64.ActiveCfg = Debug|Any CPU
		{BB1AF2EC-D03D-439B-8709-95B446D17770}.Debug|x64.Build.0 = Debug|Any CPU
		{BB1AF2EC-D03D-439B-8709-95B446D17770}.Debug|x64.Deploy.0 = Debug|Any CPU
		{BB1AF2EC-D03D-439B-8709-95B446D17770}.Debug|x86.ActiveCfg = Debug|Any CPU
		{BB1AF2EC-D03D-439B-8709-95B446D17770}.Debug|x86.Build.0 = Debug|Any CPU
		{BB1AF2EC-D03D-439B-8709-95B446D17770}.Debug|x86.Deploy.0 = Debug|Any CPU
		{BB1AF2EC-D03D-439B-8709-95B446D17770}.Release|Any CPU.ActiveCfg = Release|Any CPU
		{BB1AF2EC-D03D-439B-8709-95B446D17770}.Release|Any CPU.Build.0 = Release|Any CPU
		{BB1AF2EC-D03D-439B-8709-95B446D17770}.Release|Any CPU.Deploy.0 = Release|Any CPU
		{BB1AF2EC-D03D-439B-8709-95B446D17770}.Release|ARM.ActiveCfg = Release|Any CPU
		{BB1AF2EC-D03D-439B-8709-95B446D17770}.Release|ARM.Build.0 = Release|Any CPU
		{BB1AF2EC-D03D-439B-8709-95B446D17770}.Release|ARM.Deploy.0 = Release|Any CPU
		{BB1AF2EC-D03D-439B-8709-95B446D17770}.Release|iPhone.ActiveCfg = Release|Any CPU
		{BB1AF2EC-D03D-439B-8709-95B446D17770}.Release|iPhone.Build.0 = Release|Any CPU
		{BB1AF2EC-D03D-439B-8709-95B446D17770}.Release|iPhone.Deploy.0 = Release|Any CPU
		{BB1AF2EC-D03D-439B-8709-95B446D17770}.Release|iPhoneSimulator.ActiveCfg = Release|Any CPU
		{BB1AF2EC-D03D-439B-8709-95B446D17770}.Release|iPhoneSimulator.Build.0 = Release|Any CPU
		{BB1AF2EC-D03D-439B-8709-95B446D17770}.Release|iPhoneSimulator.Deploy.0 = Release|Any CPU
		{BB1AF2EC-D03D-439B-8709-95B446D17770}.Release|x64.ActiveCfg = Release|Any CPU
		{BB1AF2EC-D03D-439B-8709-95B446D17770}.Release|x64.Build.0 = Release|Any CPU
		{BB1AF2EC-D03D-439B-8709-95B446D17770}.Release|x64.Deploy.0 = Release|Any CPU
		{BB1AF2EC-D03D-439B-8709-95B446D17770}.Release|x86.ActiveCfg = Release|Any CPU
		{BB1AF2EC-D03D-439B-8709-95B446D17770}.Release|x86.Build.0 = Release|Any CPU
		{BB1AF2EC-D03D-439B-8709-95B446D17770}.Release|x86.Deploy.0 = Release|Any CPU
		{4FCF08EF-0C22-4EF8-BA93-9539FFB323E9}.Ad-Hoc|Any CPU.ActiveCfg = Ad-Hoc|iPhone
		{4FCF08EF-0C22-4EF8-BA93-9539FFB323E9}.Ad-Hoc|ARM.ActiveCfg = Ad-Hoc|iPhone
		{4FCF08EF-0C22-4EF8-BA93-9539FFB323E9}.Ad-Hoc|iPhone.ActiveCfg = Ad-Hoc|iPhone
		{4FCF08EF-0C22-4EF8-BA93-9539FFB323E9}.Ad-Hoc|iPhone.Build.0 = Ad-Hoc|iPhone
		{4FCF08EF-0C22-4EF8-BA93-9539FFB323E9}.Ad-Hoc|iPhoneSimulator.ActiveCfg = Ad-Hoc|iPhoneSimulator
		{4FCF08EF-0C22-4EF8-BA93-9539FFB323E9}.Ad-Hoc|iPhoneSimulator.Build.0 = Ad-Hoc|iPhoneSimulator
		{4FCF08EF-0C22-4EF8-BA93-9539FFB323E9}.Ad-Hoc|x64.ActiveCfg = Ad-Hoc|iPhone
		{4FCF08EF-0C22-4EF8-BA93-9539FFB323E9}.Ad-Hoc|x86.ActiveCfg = Ad-Hoc|iPhone
		{4FCF08EF-0C22-4EF8-BA93-9539FFB323E9}.AppStore|Any CPU.ActiveCfg = AppStore|iPhone
		{4FCF08EF-0C22-4EF8-BA93-9539FFB323E9}.AppStore|ARM.ActiveCfg = AppStore|iPhone
		{4FCF08EF-0C22-4EF8-BA93-9539FFB323E9}.AppStore|iPhone.ActiveCfg = AppStore|iPhone
		{4FCF08EF-0C22-4EF8-BA93-9539FFB323E9}.AppStore|iPhone.Build.0 = AppStore|iPhone
		{4FCF08EF-0C22-4EF8-BA93-9539FFB323E9}.AppStore|iPhoneSimulator.ActiveCfg = AppStore|iPhoneSimulator
		{4FCF08EF-0C22-4EF8-BA93-9539FFB323E9}.AppStore|iPhoneSimulator.Build.0 = AppStore|iPhoneSimulator
		{4FCF08EF-0C22-4EF8-BA93-9539FFB323E9}.AppStore|x64.ActiveCfg = AppStore|iPhone
		{4FCF08EF-0C22-4EF8-BA93-9539FFB323E9}.AppStore|x86.ActiveCfg = AppStore|iPhone
		{4FCF08EF-0C22-4EF8-BA93-9539FFB323E9}.Debug|Any CPU.ActiveCfg = Debug|iPhoneSimulator
		{4FCF08EF-0C22-4EF8-BA93-9539FFB323E9}.Debug|Any CPU.Deploy.0 = Debug|iPhoneSimulator
		{4FCF08EF-0C22-4EF8-BA93-9539FFB323E9}.Debug|ARM.ActiveCfg = Debug|iPhone
		{4FCF08EF-0C22-4EF8-BA93-9539FFB323E9}.Debug|iPhone.ActiveCfg = Debug|iPhone
		{4FCF08EF-0C22-4EF8-BA93-9539FFB323E9}.Debug|iPhoneSimulator.ActiveCfg = Debug|iPhoneSimulator
		{4FCF08EF-0C22-4EF8-BA93-9539FFB323E9}.Debug|iPhoneSimulator.Build.0 = Debug|iPhoneSimulator
		{4FCF08EF-0C22-4EF8-BA93-9539FFB323E9}.Debug|x64.ActiveCfg = Debug|iPhone
		{4FCF08EF-0C22-4EF8-BA93-9539FFB323E9}.Debug|x86.ActiveCfg = Debug|iPhone
		{4FCF08EF-0C22-4EF8-BA93-9539FFB323E9}.Release|Any CPU.ActiveCfg = Release|iPhone
		{4FCF08EF-0C22-4EF8-BA93-9539FFB323E9}.Release|ARM.ActiveCfg = Release|iPhone
		{4FCF08EF-0C22-4EF8-BA93-9539FFB323E9}.Release|iPhone.ActiveCfg = Release|iPhone
		{4FCF08EF-0C22-4EF8-BA93-9539FFB323E9}.Release|iPhone.Build.0 = Release|iPhone
		{4FCF08EF-0C22-4EF8-BA93-9539FFB323E9}.Release|iPhoneSimulator.ActiveCfg = Release|iPhoneSimulator
		{4FCF08EF-0C22-4EF8-BA93-9539FFB323E9}.Release|iPhoneSimulator.Build.0 = Release|iPhoneSimulator
		{4FCF08EF-0C22-4EF8-BA93-9539FFB323E9}.Release|x64.ActiveCfg = Release|iPhone
		{4FCF08EF-0C22-4EF8-BA93-9539FFB323E9}.Release|x86.ActiveCfg = Release|iPhone
		{849267B0-9162-42BB-AAA1-5AE2B90BFC28}.Ad-Hoc|Any CPU.ActiveCfg = Release|Any CPU
		{849267B0-9162-42BB-AAA1-5AE2B90BFC28}.Ad-Hoc|Any CPU.Build.0 = Release|Any CPU
		{849267B0-9162-42BB-AAA1-5AE2B90BFC28}.Ad-Hoc|Any CPU.Deploy.0 = Release|Any CPU
		{849267B0-9162-42BB-AAA1-5AE2B90BFC28}.Ad-Hoc|ARM.ActiveCfg = Release|ARM
		{849267B0-9162-42BB-AAA1-5AE2B90BFC28}.Ad-Hoc|ARM.Build.0 = Release|ARM
		{849267B0-9162-42BB-AAA1-5AE2B90BFC28}.Ad-Hoc|ARM.Deploy.0 = Release|ARM
		{849267B0-9162-42BB-AAA1-5AE2B90BFC28}.Ad-Hoc|iPhone.ActiveCfg = Release|Any CPU
		{849267B0-9162-42BB-AAA1-5AE2B90BFC28}.Ad-Hoc|iPhone.Build.0 = Release|Any CPU
		{849267B0-9162-42BB-AAA1-5AE2B90BFC28}.Ad-Hoc|iPhone.Deploy.0 = Release|Any CPU
		{849267B0-9162-42BB-AAA1-5AE2B90BFC28}.Ad-Hoc|iPhoneSimulator.ActiveCfg = Release|Any CPU
		{849267B0-9162-42BB-AAA1-5AE2B90BFC28}.Ad-Hoc|iPhoneSimulator.Build.0 = Release|Any CPU
		{849267B0-9162-42BB-AAA1-5AE2B90BFC28}.Ad-Hoc|iPhoneSimulator.Deploy.0 = Release|Any CPU
		{849267B0-9162-42BB-AAA1-5AE2B90BFC28}.Ad-Hoc|x64.ActiveCfg = Release|Any CPU
		{849267B0-9162-42BB-AAA1-5AE2B90BFC28}.Ad-Hoc|x64.Build.0 = Release|Any CPU
		{849267B0-9162-42BB-AAA1-5AE2B90BFC28}.Ad-Hoc|x64.Deploy.0 = Release|Any CPU
		{849267B0-9162-42BB-AAA1-5AE2B90BFC28}.Ad-Hoc|x86.ActiveCfg = Release|x86
		{849267B0-9162-42BB-AAA1-5AE2B90BFC28}.Ad-Hoc|x86.Build.0 = Release|x86
		{849267B0-9162-42BB-AAA1-5AE2B90BFC28}.Ad-Hoc|x86.Deploy.0 = Release|x86
		{849267B0-9162-42BB-AAA1-5AE2B90BFC28}.AppStore|Any CPU.ActiveCfg = Release|Any CPU
		{849267B0-9162-42BB-AAA1-5AE2B90BFC28}.AppStore|Any CPU.Build.0 = Release|Any CPU
		{849267B0-9162-42BB-AAA1-5AE2B90BFC28}.AppStore|Any CPU.Deploy.0 = Release|Any CPU
		{849267B0-9162-42BB-AAA1-5AE2B90BFC28}.AppStore|ARM.ActiveCfg = Release|ARM
		{849267B0-9162-42BB-AAA1-5AE2B90BFC28}.AppStore|ARM.Build.0 = Release|ARM
		{849267B0-9162-42BB-AAA1-5AE2B90BFC28}.AppStore|ARM.Deploy.0 = Release|ARM
		{849267B0-9162-42BB-AAA1-5AE2B90BFC28}.AppStore|iPhone.ActiveCfg = Release|Any CPU
		{849267B0-9162-42BB-AAA1-5AE2B90BFC28}.AppStore|iPhone.Build.0 = Release|Any CPU
		{849267B0-9162-42BB-AAA1-5AE2B90BFC28}.AppStore|iPhone.Deploy.0 = Release|Any CPU
		{849267B0-9162-42BB-AAA1-5AE2B90BFC28}.AppStore|iPhoneSimulator.ActiveCfg = Release|Any CPU
		{849267B0-9162-42BB-AAA1-5AE2B90BFC28}.AppStore|iPhoneSimulator.Build.0 = Release|Any CPU
		{849267B0-9162-42BB-AAA1-5AE2B90BFC28}.AppStore|iPhoneSimulator.Deploy.0 = Release|Any CPU
		{849267B0-9162-42BB-AAA1-5AE2B90BFC28}.AppStore|x64.ActiveCfg = Release|Any CPU
		{849267B0-9162-42BB-AAA1-5AE2B90BFC28}.AppStore|x64.Build.0 = Release|Any CPU
		{849267B0-9162-42BB-AAA1-5AE2B90BFC28}.AppStore|x64.Deploy.0 = Release|Any CPU
		{849267B0-9162-42BB-AAA1-5AE2B90BFC28}.AppStore|x86.ActiveCfg = Release|x86
		{849267B0-9162-42BB-AAA1-5AE2B90BFC28}.AppStore|x86.Build.0 = Release|x86
		{849267B0-9162-42BB-AAA1-5AE2B90BFC28}.AppStore|x86.Deploy.0 = Release|x86
		{849267B0-9162-42BB-AAA1-5AE2B90BFC28}.Debug|Any CPU.ActiveCfg = Debug|x86
		{849267B0-9162-42BB-AAA1-5AE2B90BFC28}.Debug|Any CPU.Build.0 = Debug|x86
		{849267B0-9162-42BB-AAA1-5AE2B90BFC28}.Debug|Any CPU.Deploy.0 = Debug|x86
		{849267B0-9162-42BB-AAA1-5AE2B90BFC28}.Debug|ARM.ActiveCfg = Debug|ARM
		{849267B0-9162-42BB-AAA1-5AE2B90BFC28}.Debug|ARM.Build.0 = Debug|ARM
		{849267B0-9162-42BB-AAA1-5AE2B90BFC28}.Debug|ARM.Deploy.0 = Debug|ARM
		{849267B0-9162-42BB-AAA1-5AE2B90BFC28}.Debug|iPhone.ActiveCfg = Debug|Any CPU
		{849267B0-9162-42BB-AAA1-5AE2B90BFC28}.Debug|iPhone.Build.0 = Debug|Any CPU
		{849267B0-9162-42BB-AAA1-5AE2B90BFC28}.Debug|iPhone.Deploy.0 = Debug|Any CPU
		{849267B0-9162-42BB-AAA1-5AE2B90BFC28}.Debug|iPhoneSimulator.ActiveCfg = Debug|Any CPU
		{849267B0-9162-42BB-AAA1-5AE2B90BFC28}.Debug|iPhoneSimulator.Build.0 = Debug|Any CPU
		{849267B0-9162-42BB-AAA1-5AE2B90BFC28}.Debug|iPhoneSimulator.Deploy.0 = Debug|Any CPU
		{849267B0-9162-42BB-AAA1-5AE2B90BFC28}.Debug|x64.ActiveCfg = Debug|Any CPU
		{849267B0-9162-42BB-AAA1-5AE2B90BFC28}.Debug|x64.Build.0 = Debug|Any CPU
		{849267B0-9162-42BB-AAA1-5AE2B90BFC28}.Debug|x64.Deploy.0 = Debug|Any CPU
		{849267B0-9162-42BB-AAA1-5AE2B90BFC28}.Debug|x86.ActiveCfg = Debug|x86
		{849267B0-9162-42BB-AAA1-5AE2B90BFC28}.Debug|x86.Build.0 = Debug|x86
		{849267B0-9162-42BB-AAA1-5AE2B90BFC28}.Debug|x86.Deploy.0 = Debug|x86
		{849267B0-9162-42BB-AAA1-5AE2B90BFC28}.Release|Any CPU.ActiveCfg = Release|Any CPU
		{849267B0-9162-42BB-AAA1-5AE2B90BFC28}.Release|Any CPU.Build.0 = Release|Any CPU
		{849267B0-9162-42BB-AAA1-5AE2B90BFC28}.Release|Any CPU.Deploy.0 = Release|Any CPU
		{849267B0-9162-42BB-AAA1-5AE2B90BFC28}.Release|ARM.ActiveCfg = Release|ARM
		{849267B0-9162-42BB-AAA1-5AE2B90BFC28}.Release|ARM.Build.0 = Release|ARM
		{849267B0-9162-42BB-AAA1-5AE2B90BFC28}.Release|ARM.Deploy.0 = Release|ARM
		{849267B0-9162-42BB-AAA1-5AE2B90BFC28}.Release|iPhone.ActiveCfg = Release|Any CPU
		{849267B0-9162-42BB-AAA1-5AE2B90BFC28}.Release|iPhone.Build.0 = Release|Any CPU
		{849267B0-9162-42BB-AAA1-5AE2B90BFC28}.Release|iPhone.Deploy.0 = Release|Any CPU
		{849267B0-9162-42BB-AAA1-5AE2B90BFC28}.Release|iPhoneSimulator.ActiveCfg = Release|Any CPU
		{849267B0-9162-42BB-AAA1-5AE2B90BFC28}.Release|iPhoneSimulator.Build.0 = Release|Any CPU
		{849267B0-9162-42BB-AAA1-5AE2B90BFC28}.Release|iPhoneSimulator.Deploy.0 = Release|Any CPU
		{849267B0-9162-42BB-AAA1-5AE2B90BFC28}.Release|x64.ActiveCfg = Release|Any CPU
		{849267B0-9162-42BB-AAA1-5AE2B90BFC28}.Release|x64.Build.0 = Release|Any CPU
		{849267B0-9162-42BB-AAA1-5AE2B90BFC28}.Release|x64.Deploy.0 = Release|Any CPU
		{849267B0-9162-42BB-AAA1-5AE2B90BFC28}.Release|x86.ActiveCfg = Release|x86
		{849267B0-9162-42BB-AAA1-5AE2B90BFC28}.Release|x86.Build.0 = Release|x86
		{849267B0-9162-42BB-AAA1-5AE2B90BFC28}.Release|x86.Deploy.0 = Release|x86
		{D0568BBD-85B9-4440-A232-281A7E3B12C8}.Ad-Hoc|Any CPU.ActiveCfg = Release|x86
		{D0568BBD-85B9-4440-A232-281A7E3B12C8}.Ad-Hoc|Any CPU.Build.0 = Release|x86
		{D0568BBD-85B9-4440-A232-281A7E3B12C8}.Ad-Hoc|Any CPU.Deploy.0 = Release|x86
		{D0568BBD-85B9-4440-A232-281A7E3B12C8}.Ad-Hoc|ARM.ActiveCfg = Release|ARM
		{D0568BBD-85B9-4440-A232-281A7E3B12C8}.Ad-Hoc|ARM.Build.0 = Release|ARM
		{D0568BBD-85B9-4440-A232-281A7E3B12C8}.Ad-Hoc|ARM.Deploy.0 = Release|ARM
		{D0568BBD-85B9-4440-A232-281A7E3B12C8}.Ad-Hoc|iPhone.ActiveCfg = Release|x86
		{D0568BBD-85B9-4440-A232-281A7E3B12C8}.Ad-Hoc|iPhone.Build.0 = Release|x86
		{D0568BBD-85B9-4440-A232-281A7E3B12C8}.Ad-Hoc|iPhone.Deploy.0 = Release|x86
		{D0568BBD-85B9-4440-A232-281A7E3B12C8}.Ad-Hoc|iPhoneSimulator.ActiveCfg = Release|x86
		{D0568BBD-85B9-4440-A232-281A7E3B12C8}.Ad-Hoc|iPhoneSimulator.Build.0 = Release|x86
		{D0568BBD-85B9-4440-A232-281A7E3B12C8}.Ad-Hoc|iPhoneSimulator.Deploy.0 = Release|x86
		{D0568BBD-85B9-4440-A232-281A7E3B12C8}.Ad-Hoc|x64.ActiveCfg = Release|x64
		{D0568BBD-85B9-4440-A232-281A7E3B12C8}.Ad-Hoc|x64.Build.0 = Release|x64
		{D0568BBD-85B9-4440-A232-281A7E3B12C8}.Ad-Hoc|x64.Deploy.0 = Release|x64
		{D0568BBD-85B9-4440-A232-281A7E3B12C8}.Ad-Hoc|x86.ActiveCfg = Release|x86
		{D0568BBD-85B9-4440-A232-281A7E3B12C8}.Ad-Hoc|x86.Build.0 = Release|x86
		{D0568BBD-85B9-4440-A232-281A7E3B12C8}.Ad-Hoc|x86.Deploy.0 = Release|x86
		{D0568BBD-85B9-4440-A232-281A7E3B12C8}.AppStore|Any CPU.ActiveCfg = Release|x86
		{D0568BBD-85B9-4440-A232-281A7E3B12C8}.AppStore|Any CPU.Build.0 = Release|x86
		{D0568BBD-85B9-4440-A232-281A7E3B12C8}.AppStore|Any CPU.Deploy.0 = Release|x86
		{D0568BBD-85B9-4440-A232-281A7E3B12C8}.AppStore|ARM.ActiveCfg = Release|ARM
		{D0568BBD-85B9-4440-A232-281A7E3B12C8}.AppStore|ARM.Build.0 = Release|ARM
		{D0568BBD-85B9-4440-A232-281A7E3B12C8}.AppStore|ARM.Deploy.0 = Release|ARM
		{D0568BBD-85B9-4440-A232-281A7E3B12C8}.AppStore|iPhone.ActiveCfg = Release|x86
		{D0568BBD-85B9-4440-A232-281A7E3B12C8}.AppStore|iPhone.Build.0 = Release|x86
		{D0568BBD-85B9-4440-A232-281A7E3B12C8}.AppStore|iPhone.Deploy.0 = Release|x86
		{D0568BBD-85B9-4440-A232-281A7E3B12C8}.AppStore|iPhoneSimulator.ActiveCfg = Release|x86
		{D0568BBD-85B9-4440-A232-281A7E3B12C8}.AppStore|iPhoneSimulator.Build.0 = Release|x86
		{D0568BBD-85B9-4440-A232-281A7E3B12C8}.AppStore|iPhoneSimulator.Deploy.0 = Release|x86
		{D0568BBD-85B9-4440-A232-281A7E3B12C8}.AppStore|x64.ActiveCfg = Release|x64
		{D0568BBD-85B9-4440-A232-281A7E3B12C8}.AppStore|x64.Build.0 = Release|x64
		{D0568BBD-85B9-4440-A232-281A7E3B12C8}.AppStore|x64.Deploy.0 = Release|x64
		{D0568BBD-85B9-4440-A232-281A7E3B12C8}.AppStore|x86.ActiveCfg = Release|x86
		{D0568BBD-85B9-4440-A232-281A7E3B12C8}.AppStore|x86.Build.0 = Release|x86
		{D0568BBD-85B9-4440-A232-281A7E3B12C8}.AppStore|x86.Deploy.0 = Release|x86
		{D0568BBD-85B9-4440-A232-281A7E3B12C8}.Debug|Any CPU.ActiveCfg = Debug|x86
		{D0568BBD-85B9-4440-A232-281A7E3B12C8}.Debug|ARM.ActiveCfg = Debug|ARM
		{D0568BBD-85B9-4440-A232-281A7E3B12C8}.Debug|ARM.Build.0 = Debug|ARM
		{D0568BBD-85B9-4440-A232-281A7E3B12C8}.Debug|ARM.Deploy.0 = Debug|ARM
		{D0568BBD-85B9-4440-A232-281A7E3B12C8}.Debug|iPhone.ActiveCfg = Debug|x86
		{D0568BBD-85B9-4440-A232-281A7E3B12C8}.Debug|iPhoneSimulator.ActiveCfg = Debug|x86
		{D0568BBD-85B9-4440-A232-281A7E3B12C8}.Debug|x64.ActiveCfg = Debug|x64
		{D0568BBD-85B9-4440-A232-281A7E3B12C8}.Debug|x64.Build.0 = Debug|x64
		{D0568BBD-85B9-4440-A232-281A7E3B12C8}.Debug|x64.Deploy.0 = Debug|x64
		{D0568BBD-85B9-4440-A232-281A7E3B12C8}.Debug|x86.ActiveCfg = Debug|x86
		{D0568BBD-85B9-4440-A232-281A7E3B12C8}.Debug|x86.Build.0 = Debug|x86
		{D0568BBD-85B9-4440-A232-281A7E3B12C8}.Debug|x86.Deploy.0 = Debug|x86
		{D0568BBD-85B9-4440-A232-281A7E3B12C8}.Release|Any CPU.ActiveCfg = Release|x86
		{D0568BBD-85B9-4440-A232-281A7E3B12C8}.Release|ARM.ActiveCfg = Release|ARM
		{D0568BBD-85B9-4440-A232-281A7E3B12C8}.Release|ARM.Build.0 = Release|ARM
		{D0568BBD-85B9-4440-A232-281A7E3B12C8}.Release|ARM.Deploy.0 = Release|ARM
		{D0568BBD-85B9-4440-A232-281A7E3B12C8}.Release|iPhone.ActiveCfg = Release|x86
		{D0568BBD-85B9-4440-A232-281A7E3B12C8}.Release|iPhoneSimulator.ActiveCfg = Release|x86
		{D0568BBD-85B9-4440-A232-281A7E3B12C8}.Release|x64.ActiveCfg = Release|x64
		{D0568BBD-85B9-4440-A232-281A7E3B12C8}.Release|x64.Build.0 = Release|x64
		{D0568BBD-85B9-4440-A232-281A7E3B12C8}.Release|x64.Deploy.0 = Release|x64
		{D0568BBD-85B9-4440-A232-281A7E3B12C8}.Release|x86.ActiveCfg = Release|x86
		{D0568BBD-85B9-4440-A232-281A7E3B12C8}.Release|x86.Build.0 = Release|x86
		{D0568BBD-85B9-4440-A232-281A7E3B12C8}.Release|x86.Deploy.0 = Release|x86
		{24929D29-286C-49CA-A2DB-AF71A38443EC}.Ad-Hoc|Any CPU.ActiveCfg = Release|Any CPU
		{24929D29-286C-49CA-A2DB-AF71A38443EC}.Ad-Hoc|Any CPU.Build.0 = Release|Any CPU
		{24929D29-286C-49CA-A2DB-AF71A38443EC}.Ad-Hoc|Any CPU.Deploy.0 = Release|Any CPU
		{24929D29-286C-49CA-A2DB-AF71A38443EC}.Ad-Hoc|ARM.ActiveCfg = Release|ARM
		{24929D29-286C-49CA-A2DB-AF71A38443EC}.Ad-Hoc|ARM.Build.0 = Release|ARM
		{24929D29-286C-49CA-A2DB-AF71A38443EC}.Ad-Hoc|ARM.Deploy.0 = Release|ARM
		{24929D29-286C-49CA-A2DB-AF71A38443EC}.Ad-Hoc|iPhone.ActiveCfg = Release|Any CPU
		{24929D29-286C-49CA-A2DB-AF71A38443EC}.Ad-Hoc|iPhone.Build.0 = Release|Any CPU
		{24929D29-286C-49CA-A2DB-AF71A38443EC}.Ad-Hoc|iPhone.Deploy.0 = Release|Any CPU
		{24929D29-286C-49CA-A2DB-AF71A38443EC}.Ad-Hoc|iPhoneSimulator.ActiveCfg = Release|Any CPU
		{24929D29-286C-49CA-A2DB-AF71A38443EC}.Ad-Hoc|iPhoneSimulator.Build.0 = Release|Any CPU
		{24929D29-286C-49CA-A2DB-AF71A38443EC}.Ad-Hoc|iPhoneSimulator.Deploy.0 = Release|Any CPU
		{24929D29-286C-49CA-A2DB-AF71A38443EC}.Ad-Hoc|x64.ActiveCfg = Release|x64
		{24929D29-286C-49CA-A2DB-AF71A38443EC}.Ad-Hoc|x64.Build.0 = Release|x64
		{24929D29-286C-49CA-A2DB-AF71A38443EC}.Ad-Hoc|x64.Deploy.0 = Release|x64
		{24929D29-286C-49CA-A2DB-AF71A38443EC}.Ad-Hoc|x86.ActiveCfg = Release|x86
		{24929D29-286C-49CA-A2DB-AF71A38443EC}.Ad-Hoc|x86.Build.0 = Release|x86
		{24929D29-286C-49CA-A2DB-AF71A38443EC}.Ad-Hoc|x86.Deploy.0 = Release|x86
		{24929D29-286C-49CA-A2DB-AF71A38443EC}.AppStore|Any CPU.ActiveCfg = Release|Any CPU
		{24929D29-286C-49CA-A2DB-AF71A38443EC}.AppStore|Any CPU.Build.0 = Release|Any CPU
		{24929D29-286C-49CA-A2DB-AF71A38443EC}.AppStore|Any CPU.Deploy.0 = Release|Any CPU
		{24929D29-286C-49CA-A2DB-AF71A38443EC}.AppStore|ARM.ActiveCfg = Release|ARM
		{24929D29-286C-49CA-A2DB-AF71A38443EC}.AppStore|ARM.Build.0 = Release|ARM
		{24929D29-286C-49CA-A2DB-AF71A38443EC}.AppStore|ARM.Deploy.0 = Release|ARM
		{24929D29-286C-49CA-A2DB-AF71A38443EC}.AppStore|iPhone.ActiveCfg = Release|Any CPU
		{24929D29-286C-49CA-A2DB-AF71A38443EC}.AppStore|iPhone.Build.0 = Release|Any CPU
		{24929D29-286C-49CA-A2DB-AF71A38443EC}.AppStore|iPhone.Deploy.0 = Release|Any CPU
		{24929D29-286C-49CA-A2DB-AF71A38443EC}.AppStore|iPhoneSimulator.ActiveCfg = Release|Any CPU
		{24929D29-286C-49CA-A2DB-AF71A38443EC}.AppStore|iPhoneSimulator.Build.0 = Release|Any CPU
		{24929D29-286C-49CA-A2DB-AF71A38443EC}.AppStore|iPhoneSimulator.Deploy.0 = Release|Any CPU
		{24929D29-286C-49CA-A2DB-AF71A38443EC}.AppStore|x64.ActiveCfg = Release|x64
		{24929D29-286C-49CA-A2DB-AF71A38443EC}.AppStore|x64.Build.0 = Release|x64
		{24929D29-286C-49CA-A2DB-AF71A38443EC}.AppStore|x64.Deploy.0 = Release|x64
		{24929D29-286C-49CA-A2DB-AF71A38443EC}.AppStore|x86.ActiveCfg = Release|x86
		{24929D29-286C-49CA-A2DB-AF71A38443EC}.AppStore|x86.Build.0 = Release|x86
		{24929D29-286C-49CA-A2DB-AF71A38443EC}.AppStore|x86.Deploy.0 = Release|x86
		{24929D29-286C-49CA-A2DB-AF71A38443EC}.Debug|Any CPU.ActiveCfg = Debug|Any CPU
		{24929D29-286C-49CA-A2DB-AF71A38443EC}.Debug|Any CPU.Build.0 = Debug|Any CPU
		{24929D29-286C-49CA-A2DB-AF71A38443EC}.Debug|Any CPU.Deploy.0 = Debug|Any CPU
		{24929D29-286C-49CA-A2DB-AF71A38443EC}.Debug|ARM.ActiveCfg = Debug|ARM
		{24929D29-286C-49CA-A2DB-AF71A38443EC}.Debug|ARM.Build.0 = Debug|ARM
		{24929D29-286C-49CA-A2DB-AF71A38443EC}.Debug|ARM.Deploy.0 = Debug|ARM
		{24929D29-286C-49CA-A2DB-AF71A38443EC}.Debug|iPhone.ActiveCfg = Debug|Any CPU
		{24929D29-286C-49CA-A2DB-AF71A38443EC}.Debug|iPhone.Build.0 = Debug|Any CPU
		{24929D29-286C-49CA-A2DB-AF71A38443EC}.Debug|iPhone.Deploy.0 = Debug|Any CPU
		{24929D29-286C-49CA-A2DB-AF71A38443EC}.Debug|iPhoneSimulator.ActiveCfg = Debug|Any CPU
		{24929D29-286C-49CA-A2DB-AF71A38443EC}.Debug|iPhoneSimulator.Build.0 = Debug|Any CPU
		{24929D29-286C-49CA-A2DB-AF71A38443EC}.Debug|iPhoneSimulator.Deploy.0 = Debug|Any CPU
		{24929D29-286C-49CA-A2DB-AF71A38443EC}.Debug|x64.ActiveCfg = Debug|x64
		{24929D29-286C-49CA-A2DB-AF71A38443EC}.Debug|x64.Build.0 = Debug|x64
		{24929D29-286C-49CA-A2DB-AF71A38443EC}.Debug|x64.Deploy.0 = Debug|x64
		{24929D29-286C-49CA-A2DB-AF71A38443EC}.Debug|x86.ActiveCfg = Debug|x86
		{24929D29-286C-49CA-A2DB-AF71A38443EC}.Debug|x86.Build.0 = Debug|x86
		{24929D29-286C-49CA-A2DB-AF71A38443EC}.Debug|x86.Deploy.0 = Debug|x86
		{24929D29-286C-49CA-A2DB-AF71A38443EC}.Release|Any CPU.ActiveCfg = Release|Any CPU
		{24929D29-286C-49CA-A2DB-AF71A38443EC}.Release|Any CPU.Build.0 = Release|Any CPU
		{24929D29-286C-49CA-A2DB-AF71A38443EC}.Release|Any CPU.Deploy.0 = Release|Any CPU
		{24929D29-286C-49CA-A2DB-AF71A38443EC}.Release|ARM.ActiveCfg = Release|ARM
		{24929D29-286C-49CA-A2DB-AF71A38443EC}.Release|ARM.Build.0 = Release|ARM
		{24929D29-286C-49CA-A2DB-AF71A38443EC}.Release|ARM.Deploy.0 = Release|ARM
		{24929D29-286C-49CA-A2DB-AF71A38443EC}.Release|iPhone.ActiveCfg = Release|Any CPU
		{24929D29-286C-49CA-A2DB-AF71A38443EC}.Release|iPhone.Build.0 = Release|Any CPU
		{24929D29-286C-49CA-A2DB-AF71A38443EC}.Release|iPhone.Deploy.0 = Release|Any CPU
		{24929D29-286C-49CA-A2DB-AF71A38443EC}.Release|iPhoneSimulator.ActiveCfg = Release|Any CPU
		{24929D29-286C-49CA-A2DB-AF71A38443EC}.Release|iPhoneSimulator.Build.0 = Release|Any CPU
		{24929D29-286C-49CA-A2DB-AF71A38443EC}.Release|iPhoneSimulator.Deploy.0 = Release|Any CPU
		{24929D29-286C-49CA-A2DB-AF71A38443EC}.Release|x64.ActiveCfg = Release|x64
		{24929D29-286C-49CA-A2DB-AF71A38443EC}.Release|x64.Build.0 = Release|x64
		{24929D29-286C-49CA-A2DB-AF71A38443EC}.Release|x64.Deploy.0 = Release|x64
		{24929D29-286C-49CA-A2DB-AF71A38443EC}.Release|x86.ActiveCfg = Release|x86
		{24929D29-286C-49CA-A2DB-AF71A38443EC}.Release|x86.Build.0 = Release|x86
		{24929D29-286C-49CA-A2DB-AF71A38443EC}.Release|x86.Deploy.0 = Release|x86
	EndGlobalSection
	GlobalSection(SolutionProperties) = preSolution
		HideSolutionNode = FALSE
	EndGlobalSection
EndGlobal
